
Microsoft Visual Studio Solution File, Format Version 12.00
# Visual Studio 2013
VisualStudioVersion = 12.0.21005.1
MinimumVisualStudioVersion = 10.0.40219.1
Project("{FAE04EC0-301F-11D3-BF4B-00C04F79EFBC}") = "GridShading", "GridShading\GridShading.csproj", "{0AB08367-435A-4746-B8EC-CBED4660F4A6}"
EndProject
Project("{FAE04EC0-301F-11D3-BF4B-00C04F79EFBC}") = "GridShadingTests", "GridShadingTests\GridShadingTests.csproj", "{76C52EA1-4CB2-4EF3-AF5B-49966674E7FD}"
EndProject
Project("{FAE04EC0-301F-11D3-BF4B-00C04F79EFBC}") = "GridShading.IntegrationTests", "GridShading.IntegrationTests\GridShading.IntegrationTests.csproj", "{76C0729D-9717-413D-A6A7-DCBCCCB673FD}"
EndProject
Global
	GlobalSection(SolutionConfigurationPlatforms) = preSolution
		Debug|Any CPU = Debug|Any CPU
		Release|Any CPU = Release|Any CPU
	EndGlobalSection
	GlobalSection(ProjectConfigurationPlatforms) = postSolution
		{0AB08367-435A-4746-B8EC-CBED4660F4A6}.Debug|Any CPU.ActiveCfg = Debug|Any CPU
		{0AB08367-435A-4746-B8EC-CBED4660F4A6}.Debug|Any CPU.Build.0 = Debug|Any CPU
		{0AB08367-435A-4746-B8EC-CBED4660F4A6}.Release|Any CPU.ActiveCfg = Release|Any CPU
		{0AB08367-435A-4746-B8EC-CBED4660F4A6}.Release|Any CPU.Build.0 = Release|Any CPU
		{76C52EA1-4CB2-4EF3-AF5B-49966674E7FD}.Debug|Any CPU.ActiveCfg = Debug|Any CPU
		{76C52EA1-4CB2-4EF3-AF5B-49966674E7FD}.Debug|Any CPU.Build.0 = Debug|Any CPU
		{76C52EA1-4CB2-4EF3-AF5B-49966674E7FD}.Release|Any CPU.ActiveCfg = Release|Any CPU
		{76C52EA1-4CB2-4EF3-AF5B-49966674E7FD}.Release|Any CPU.Build.0 = Release|Any CPU
		{76C0729D-9717-413D-A6A7-DCBCCCB673FD}.Debug|Any CPU.ActiveCfg = Debug|Any CPU
		{76C0729D-9717-413D-A6A7-DCBCCCB673FD}.Debug|Any CPU.Build.0 = Debug|Any CPU
		{76C0729D-9717-413D-A6A7-DCBCCCB673FD}.Release|Any CPU.ActiveCfg = Release|Any CPU
		{76C0729D-9717-413D-A6A7-DCBCCCB673FD}.Release|Any CPU.Build.0 = Release|Any CPU
	EndGlobalSection
	GlobalSection(SolutionProperties) = preSolution
		HideSolutionNode = FALSE
	EndGlobalSection
EndGlobal
